
Microsoft Visual Studio Solution File, Format Version 12.00
# Visual Studio Version 17
VisualStudioVersion = 17.0.31717.71
MinimumVisualStudioVersion = 10.0.40219.1
Project("{FAE04EC0-301F-11D3-BF4B-00C04F79EFBC}") = "BlazorAppTimezone.Server", "BlazorAppTimezone\Server\BlazorAppTimezone.Server.csproj", "{D8C58131-C076-475F-B5AC-3073CC5D553D}"
EndProject
Project("{FAE04EC0-301F-11D3-BF4B-00C04F79EFBC}") = "BlazorAppTimezone.Client", "BlazorAppTimezone\Client\BlazorAppTimezone.Client.csproj", "{F9C6DCED-1073-4480-83CC-4D9E35F2D3B4}"
EndProject
Project("{FAE04EC0-301F-11D3-BF4B-00C04F79EFBC}") = "BlazorAppTimezone.Shared", "BlazorAppTimezone\Shared\BlazorAppTimezone.Shared.csproj", "{302D6E3B-EC01-49F8-9EC6-68FD131D6B67}"
EndProject
Global
	GlobalSection(SolutionConfigurationPlatforms) = preSolution
		Debug|Any CPU = Debug|Any CPU
		Release|Any CPU = Release|Any CPU
	EndGlobalSection
	GlobalSection(ProjectConfigurationPlatforms) = postSolution
		{D8C58131-C076-475F-B5AC-3073CC5D553D}.Debug|Any CPU.ActiveCfg = Debug|Any CPU
		{D8C58131-C076-475F-B5AC-3073CC5D553D}.Debug|Any CPU.Build.0 = Debug|Any CPU
		{D8C58131-C076-475F-B5AC-3073CC5D553D}.Release|Any CPU.ActiveCfg = Release|Any CPU
		{D8C58131-C076-475F-B5AC-3073CC5D553D}.Release|Any CPU.Build.0 = Release|Any CPU
		{F9C6DCED-1073-4480-83CC-4D9E35F2D3B4}.Debug|Any CPU.ActiveCfg = Debug|Any CPU
		{F9C6DCED-1073-4480-83CC-4D9E35F2D3B4}.Debug|Any CPU.Build.0 = Debug|Any CPU
		{F9C6DCED-1073-4480-83CC-4D9E35F2D3B4}.Release|Any CPU.ActiveCfg = Release|Any CPU
		{F9C6DCED-1073-4480-83CC-4D9E35F2D3B4}.Release|Any CPU.Build.0 = Release|Any CPU
		{302D6E3B-EC01-49F8-9EC6-68FD131D6B67}.Debug|Any CPU.ActiveCfg = Debug|Any CPU
		{302D6E3B-EC01-49F8-9EC6-68FD131D6B67}.Debug|Any CPU.Build.0 = Debug|Any CPU
		{302D6E3B-EC01-49F8-9EC6-68FD131D6B67}.Release|Any CPU.ActiveCfg = Release|Any CPU
		{302D6E3B-EC01-49F8-9EC6-68FD131D6B67}.Release|Any CPU.Build.0 = Release|Any CPU
	EndGlobalSection
	GlobalSection(SolutionProperties) = preSolution
		HideSolutionNode = FALSE
	EndGlobalSection
	GlobalSection(ExtensibilityGlobals) = postSolution
		SolutionGuid = {A7D644ED-F372-431E-8916-BB4477112A97}
	EndGlobalSection
EndGlobal
